
Microsoft Visual Studio Solution File, Format Version 12.00
# Visual Studio Version 17
VisualStudioVersion = 17.11.35312.102
MinimumVisualStudioVersion = 10.0.40219.1
Project("{FAE04EC0-301F-11D3-BF4B-00C04F79EFBC}") = "osu-pp-test", "osu-pp-test\osu-pp-test.csproj", "{AFB7536F-860B-4547-AC58-3E2E3F0CAC40}"
EndProject
Global
	GlobalSection(SolutionConfigurationPlatforms) = preSolution
		Debug|Any CPU = Debug|Any CPU
		Release|Any CPU = Release|Any CPU
	EndGlobalSection
	GlobalSection(ProjectConfigurationPlatforms) = postSolution
		{AFB7536F-860B-4547-AC58-3E2E3F0CAC40}.Debug|Any CPU.ActiveCfg = Debug|Any CPU
		{AFB7536F-860B-4547-AC58-3E2E3F0CAC40}.Debug|Any CPU.Build.0 = Debug|Any CPU
		{AFB7536F-860B-4547-AC58-3E2E3F0CAC40}.Release|Any CPU.ActiveCfg = Release|Any CPU
		{AFB7536F-860B-4547-AC58-3E2E3F0CAC40}.Release|Any CPU.Build.0 = Release|Any CPU
	EndGlobalSection
	GlobalSection(SolutionProperties) = preSolution
		HideSolutionNode = FALSE
	EndGlobalSection
	GlobalSection(ExtensibilityGlobals) = postSolution
		SolutionGuid = {AEAFF0AA-1906-4B70-A36D-867579D6A0AD}
	EndGlobalSection
EndGlobal
